
Microsoft Visual Studio Solution File, Format Version 12.00
# Visual Studio Version 16
VisualStudioVersion = 16.0.29806.167
MinimumVisualStudioVersion = 10.0.40219.1
Project("{FAE04EC0-301F-11D3-BF4B-00C04F79EFBC}") = "ToDoApp.Android", "ToDoApp\ToDoApp.Android\ToDoApp.Android.csproj", "{DF7B3320-BA8F-4E49-9A8E-08C0E30CA9F9}"
EndProject
Project("{FAE04EC0-301F-11D3-BF4B-00C04F79EFBC}") = "ToDoApp.iOS", "ToDoApp\ToDoApp.iOS\ToDoApp.iOS.csproj", "{38FE132F-7268-42E2-AC2C-061FE8B0E9D9}"
EndProject
Project("{FAE04EC0-301F-11D3-BF4B-00C04F79EFBC}") = "ToDoApp", "ToDoApp\ToDoApp\ToDoApp.csproj", "{30A25434-CBEC-46B7-BCF8-5CDC325CA350}"
EndProject
Global
	GlobalSection(SolutionConfigurationPlatforms) = preSolution
		Debug|Any CPU = Debug|Any CPU
		Debug|iPhone = Debug|iPhone
		Debug|iPhoneSimulator = Debug|iPhoneSimulator
		Release|Any CPU = Release|Any CPU
		Release|iPhone = Release|iPhone
		Release|iPhoneSimulator = Release|iPhoneSimulator
	EndGlobalSection
	GlobalSection(ProjectConfigurationPlatforms) = postSolution
		{DF7B3320-BA8F-4E49-9A8E-08C0E30CA9F9}.Debug|Any CPU.ActiveCfg = Debug|Any CPU
		{DF7B3320-BA8F-4E49-9A8E-08C0E30CA9F9}.Debug|Any CPU.Build.0 = Debug|Any CPU
		{DF7B3320-BA8F-4E49-9A8E-08C0E30CA9F9}.Debug|Any CPU.Deploy.0 = Debug|Any CPU
		{DF7B3320-BA8F-4E49-9A8E-08C0E30CA9F9}.Debug|iPhone.ActiveCfg = Debug|Any CPU
		{DF7B3320-BA8F-4E49-9A8E-08C0E30CA9F9}.Debug|iPhone.Build.0 = Debug|Any CPU
		{DF7B3320-BA8F-4E49-9A8E-08C0E30CA9F9}.Debug|iPhone.Deploy.0 = Debug|Any CPU
		{DF7B3320-BA8F-4E49-9A8E-08C0E30CA9F9}.Debug|iPhoneSimulator.ActiveCfg = Debug|Any CPU
		{DF7B3320-BA8F-4E49-9A8E-08C0E30CA9F9}.Debug|iPhoneSimulator.Build.0 = Debug|Any CPU
		{DF7B3320-BA8F-4E49-9A8E-08C0E30CA9F9}.Debug|iPhoneSimulator.Deploy.0 = Debug|Any CPU
		{DF7B3320-BA8F-4E49-9A8E-08C0E30CA9F9}.Release|Any CPU.ActiveCfg = Release|Any CPU
		{DF7B3320-BA8F-4E49-9A8E-08C0E30CA9F9}.Release|Any CPU.Build.0 = Release|Any CPU
		{DF7B3320-BA8F-4E49-9A8E-08C0E30CA9F9}.Release|Any CPU.Deploy.0 = Release|Any CPU
		{DF7B3320-BA8F-4E49-9A8E-08C0E30CA9F9}.Release|iPhone.ActiveCfg = Release|Any CPU
		{DF7B3320-BA8F-4E49-9A8E-08C0E30CA9F9}.Release|iPhone.Build.0 = Release|Any CPU
		{DF7B3320-BA8F-4E49-9A8E-08C0E30CA9F9}.Release|iPhone.Deploy.0 = Release|Any CPU
		{DF7B3320-BA8F-4E49-9A8E-08C0E30CA9F9}.Release|iPhoneSimulator.ActiveCfg = Release|Any CPU
		{DF7B3320-BA8F-4E49-9A8E-08C0E30CA9F9}.Release|iPhoneSimulator.Build.0 = Release|Any CPU
		{DF7B3320-BA8F-4E49-9A8E-08C0E30CA9F9}.Release|iPhoneSimulator.Deploy.0 = Release|Any CPU
		{38FE132F-7268-42E2-AC2C-061FE8B0E9D9}.Debug|Any CPU.ActiveCfg = Debug|iPhoneSimulator
		{38FE132F-7268-42E2-AC2C-061FE8B0E9D9}.Debug|Any CPU.Build.0 = Debug|iPhoneSimulator
		{38FE132F-7268-42E2-AC2C-061FE8B0E9D9}.Debug|Any CPU.Deploy.0 = Debug|iPhoneSimulator
		{38FE132F-7268-42E2-AC2C-061FE8B0E9D9}.Debug|iPhone.ActiveCfg = Debug|iPhone
		{38FE132F-7268-42E2-AC2C-061FE8B0E9D9}.Debug|iPhone.Build.0 = Debug|iPhone
		{38FE132F-7268-42E2-AC2C-061FE8B0E9D9}.Debug|iPhone.Deploy.0 = Debug|iPhone
		{38FE132F-7268-42E2-AC2C-061FE8B0E9D9}.Debug|iPhoneSimulator.ActiveCfg = Debug|iPhoneSimulator
		{38FE132F-7268-42E2-AC2C-061FE8B0E9D9}.Debug|iPhoneSimulator.Build.0 = Debug|iPhoneSimulator
		{38FE132F-7268-42E2-AC2C-061FE8B0E9D9}.Debug|iPhoneSimulator.Deploy.0 = Debug|iPhoneSimulator
		{38FE132F-7268-42E2-AC2C-061FE8B0E9D9}.Release|Any CPU.ActiveCfg = Release|iPhone
		{38FE132F-7268-42E2-AC2C-061FE8B0E9D9}.Release|Any CPU.Build.0 = Release|iPhone
		{38FE132F-7268-42E2-AC2C-061FE8B0E9D9}.Release|Any CPU.Deploy.0 = Release|iPhone
		{38FE132F-7268-42E2-AC2C-061FE8B0E9D9}.Release|iPhone.ActiveCfg = Release|iPhone
		{38FE132F-7268-42E2-AC2C-061FE8B0E9D9}.Release|iPhone.Build.0 = Release|iPhone
		{38FE132F-7268-42E2-AC2C-061FE8B0E9D9}.Release|iPhone.Deploy.0 = Release|iPhone
		{38FE132F-7268-42E2-AC2C-061FE8B0E9D9}.Release|iPhoneSimulator.ActiveCfg = Release|iPhoneSimulator
		{38FE132F-7268-42E2-AC2C-061FE8B0E9D9}.Release|iPhoneSimulator.Build.0 = Release|iPhoneSimulator
		{38FE132F-7268-42E2-AC2C-061FE8B0E9D9}.Release|iPhoneSimulator.Deploy.0 = Release|iPhoneSimulator
		{30A25434-CBEC-46B7-BCF8-5CDC325CA350}.Debug|Any CPU.ActiveCfg = Debug|Any CPU
		{30A25434-CBEC-46B7-BCF8-5CDC325CA350}.Debug|Any CPU.Build.0 = Debug|Any CPU
		{30A25434-CBEC-46B7-BCF8-5CDC325CA350}.Debug|Any CPU.Deploy.0 = Debug|Any CPU
		{30A25434-CBEC-46B7-BCF8-5CDC325CA350}.Debug|iPhone.ActiveCfg = Debug|Any CPU
		{30A25434-CBEC-46B7-BCF8-5CDC325CA350}.Debug|iPhone.Build.0 = Debug|Any CPU
		{30A25434-CBEC-46B7-BCF8-5CDC325CA350}.Debug|iPhone.Deploy.0 = Debug|Any CPU
		{30A25434-CBEC-46B7-BCF8-5CDC325CA350}.Debug|iPhoneSimulator.ActiveCfg = Debug|Any CPU
		{30A25434-CBEC-46B7-BCF8-5CDC325CA350}.Debug|iPhoneSimulator.Build.0 = Debug|Any CPU
		{30A25434-CBEC-46B7-BCF8-5CDC325CA350}.Debug|iPhoneSimulator.Deploy.0 = Debug|Any CPU
		{30A25434-CBEC-46B7-BCF8-5CDC325CA350}.Release|Any CPU.ActiveCfg = Release|Any CPU
		{30A25434-CBEC-46B7-BCF8-5CDC325CA350}.Release|Any CPU.Build.0 = Release|Any CPU
		{30A25434-CBEC-46B7-BCF8-5CDC325CA350}.Release|Any CPU.Deploy.0 = Release|Any CPU
		{30A25434-CBEC-46B7-BCF8-5CDC325CA350}.Release|iPhone.ActiveCfg = Release|Any CPU
		{30A25434-CBEC-46B7-BCF8-5CDC325CA350}.Release|iPhone.Build.0 = Release|Any CPU
		{30A25434-CBEC-46B7-BCF8-5CDC325CA350}.Release|iPhone.Deploy.0 = Release|Any CPU
		{30A25434-CBEC-46B7-BCF8-5CDC325CA350}.Release|iPhoneSimulator.ActiveCfg = Release|Any CPU
		{30A25434-CBEC-46B7-BCF8-5CDC325CA350}.Release|iPhoneSimulator.Build.0 = Release|Any CPU
		{30A25434-CBEC-46B7-BCF8-5CDC325CA350}.Release|iPhoneSimulator.Deploy.0 = Release|Any CPU
	EndGlobalSection
	GlobalSection(SolutionProperties) = preSolution
		HideSolutionNode = FALSE
	EndGlobalSection
	GlobalSection(ExtensibilityGlobals) = postSolution
		SolutionGuid = {7346684B-5E27-45A8-A561-76EBED20C147}
	EndGlobalSection
EndGlobal
